
Microsoft Visual Studio Solution File, Format Version 12.00
# Visual Studio Version 16
VisualStudioVersion = 16.0.29613.14
MinimumVisualStudioVersion = 10.0.40219.1
Project("{FAE04EC0-301F-11D3-BF4B-00C04F79EFBC}") = "TicketingAPI", "TicketingAPI.csproj", "{C15537FA-8D5A-4EE1-A3CE-9530EB38B1A8}"
EndProject
Global
	GlobalSection(SolutionConfigurationPlatforms) = preSolution
		Debug|Any CPU = Debug|Any CPU
		Release|Any CPU = Release|Any CPU
	EndGlobalSection
	GlobalSection(ProjectConfigurationPlatforms) = postSolution
		{C15537FA-8D5A-4EE1-A3CE-9530EB38B1A8}.Debug|Any CPU.ActiveCfg = Debug|Any CPU
		{C15537FA-8D5A-4EE1-A3CE-9530EB38B1A8}.Debug|Any CPU.Build.0 = Debug|Any CPU
		{C15537FA-8D5A-4EE1-A3CE-9530EB38B1A8}.Release|Any CPU.ActiveCfg = Release|Any CPU
		{C15537FA-8D5A-4EE1-A3CE-9530EB38B1A8}.Release|Any CPU.Build.0 = Release|Any CPU
	EndGlobalSection
	GlobalSection(SolutionProperties) = preSolution
		HideSolutionNode = FALSE
	EndGlobalSection
	GlobalSection(ExtensibilityGlobals) = postSolution
		SolutionGuid = {821F4523-8312-4D03-9821-0F48F54E9516}
	EndGlobalSection
EndGlobal
